
Microsoft Visual Studio Solution File, Format Version 12.00
# Visual Studio Version 17
VisualStudioVersion = 17.11.35312.102
MinimumVisualStudioVersion = 10.0.40219.1
Project("{9A19103F-16F7-4668-BE54-9A1E7A4F7556}") = "KafkaIntegrationProducer", "KafkaIntegrationDemo\KafkaIntegrationProducer.csproj", "{1E089852-8F85-46BA-A3B0-779D0F29B71C}"
EndProject
Project("{FAE04EC0-301F-11D3-BF4B-00C04F79EFBC}") = "KafkaIntegrationConsumer", "KafkaIntegrationConsumer\KafkaIntegrationConsumer.csproj", "{FED0B60E-0324-4278-BD7E-2E4B88B2C781}"
EndProject
Global
	GlobalSection(SolutionConfigurationPlatforms) = preSolution
		Debug|Any CPU = Debug|Any CPU
		Release|Any CPU = Release|Any CPU
	EndGlobalSection
	GlobalSection(ProjectConfigurationPlatforms) = postSolution
		{1E089852-8F85-46BA-A3B0-779D0F29B71C}.Debug|Any CPU.ActiveCfg = Debug|Any CPU
		{1E089852-8F85-46BA-A3B0-779D0F29B71C}.Debug|Any CPU.Build.0 = Debug|Any CPU
		{1E089852-8F85-46BA-A3B0-779D0F29B71C}.Release|Any CPU.ActiveCfg = Release|Any CPU
		{1E089852-8F85-46BA-A3B0-779D0F29B71C}.Release|Any CPU.Build.0 = Release|Any CPU
		{FED0B60E-0324-4278-BD7E-2E4B88B2C781}.Debug|Any CPU.ActiveCfg = Debug|Any CPU
		{FED0B60E-0324-4278-BD7E-2E4B88B2C781}.Debug|Any CPU.Build.0 = Debug|Any CPU
		{FED0B60E-0324-4278-BD7E-2E4B88B2C781}.Release|Any CPU.ActiveCfg = Release|Any CPU
		{FED0B60E-0324-4278-BD7E-2E4B88B2C781}.Release|Any CPU.Build.0 = Release|Any CPU
	EndGlobalSection
	GlobalSection(SolutionProperties) = preSolution
		HideSolutionNode = FALSE
	EndGlobalSection
	GlobalSection(ExtensibilityGlobals) = postSolution
		SolutionGuid = {662E1B67-72AB-45F1-A0B8-64C58D649F26}
	EndGlobalSection
EndGlobal
